
Microsoft Visual Studio Solution File, Format Version 12.00
# Visual Studio Version 17
VisualStudioVersion = 17.9.34723.18
MinimumVisualStudioVersion = 10.0.40219.1
Project("{FAE04EC0-301F-11D3-BF4B-00C04F79EFBC}") = "FirstFitMMCSimulation", "FirstFitMMCSimulation\FirstFitMMCSimulation.csproj", "{FF6AD705-DA0E-4A14-BF02-A61A2044EC18}"
EndProject
Global
	GlobalSection(SolutionConfigurationPlatforms) = preSolution
		Debug|Any CPU = Debug|Any CPU
		Release|Any CPU = Release|Any CPU
	EndGlobalSection
	GlobalSection(ProjectConfigurationPlatforms) = postSolution
		{FF6AD705-DA0E-4A14-BF02-A61A2044EC18}.Debug|Any CPU.ActiveCfg = Debug|Any CPU
		{FF6AD705-DA0E-4A14-BF02-A61A2044EC18}.Debug|Any CPU.Build.0 = Debug|Any CPU
		{FF6AD705-DA0E-4A14-BF02-A61A2044EC18}.Release|Any CPU.ActiveCfg = Release|Any CPU
		{FF6AD705-DA0E-4A14-BF02-A61A2044EC18}.Release|Any CPU.Build.0 = Release|Any CPU
	EndGlobalSection
	GlobalSection(SolutionProperties) = preSolution
		HideSolutionNode = FALSE
	EndGlobalSection
	GlobalSection(ExtensibilityGlobals) = postSolution
		SolutionGuid = {F5203BA3-189E-46D8-80D9-28990092D0A3}
	EndGlobalSection
EndGlobal
